// !$*UTF8*$!
{
	archiveVersion = 1;
	classes = {
	};
	objectVersion = 56;
	objects = {

/* Begin PBXBuildFile section */
		33A5FFB6294E23CC0027ED59 /* AppDelegate.swift in Sources */ = {isa = PBXBuildFile; fileRef = 33A5FFB5294E23CC0027ED59 /* AppDelegate.swift */; };
		33A5FFBA294E23CC0027ED59 /* ViewController.swift in Sources */ = {isa = PBXBuildFile; fileRef = 33A5FFB9294E23CC0027ED59 /* ViewController.swift */; };
		33A5FFBD294E23CC0027ED59 /* Main.storyboard in Resources */ = {isa = PBXBuildFile; fileRef = 33A5FFBB294E23CC0027ED59 /* Main.storyboard */; };
		33A5FFBF294E23CD0027ED59 /* Assets.xcassets in Resources */ = {isa = PBXBuildFile; fileRef = 33A5FFBE294E23CD0027ED59 /* Assets.xcassets */; };
		33A5FFC2294E23CD0027ED59 /* LaunchScreen.storyboard in Resources */ = {isa = PBXBuildFile; fileRef = 33A5FFC0294E23CD0027ED59 /* LaunchScreen.storyboard */; };
		33A5FFCD294E242C0027ED59 /* Coordinator.swift in Sources */ = {isa = PBXBuildFile; fileRef = 33A5FFCC294E242C0027ED59 /* Coordinator.swift */; };
		33A5FFCF294E244C0027ED59 /* AppCoordinator.swift in Sources */ = {isa = PBXBuildFile; fileRef = 33A5FFCE294E244C0027ED59 /* AppCoordinator.swift */; };
		33A5FFD2294E24FD0027ED59 /* APIServiceRequestProtocol.swift in Sources */ = {isa = PBXBuildFile; fileRef = 33A5FFD1294E24FD0027ED59 /* APIServiceRequestProtocol.swift */; };
		33A5FFD7294E25620027ED59 /* APIServiceRequest.swift in Sources */ = {isa = PBXBuildFile; fileRef = 33A5FFD6294E25620027ED59 /* APIServiceRequest.swift */; };
		33A5FFD9294E26610027ED59 /* APIManager.swift in Sources */ = {isa = PBXBuildFile; fileRef = 33A5FFD8294E26610027ED59 /* APIManager.swift */; };
		33A5FFDC294E268D0027ED59 /* PokemonApplication.swift in Sources */ = {isa = PBXBuildFile; fileRef = 33A5FFDB294E268D0027ED59 /* PokemonApplication.swift */; };
		33A5FFDF294E26F10027ED59 /* PokemonAPIProtocol.swift in Sources */ = {isa = PBXBuildFile; fileRef = 33A5FFDE294E26F10027ED59 /* PokemonAPIProtocol.swift */; };
		33A5FFE1294E270F0027ED59 /* PokemonResponse.swift in Sources */ = {isa = PBXBuildFile; fileRef = 33A5FFE0294E270F0027ED59 /* PokemonResponse.swift */; };
		33A5FFE3294E273C0027ED59 /* PokemonData.swift in Sources */ = {isa = PBXBuildFile; fileRef = 33A5FFE2294E273C0027ED59 /* PokemonData.swift */; };
		33A5FFE5294E27CF0027ED59 /* RequestBuilder.swift in Sources */ = {isa = PBXBuildFile; fileRef = 33A5FFE4294E27CF0027ED59 /* RequestBuilder.swift */; };
		33A5FFE7294E27DF0027ED59 /* RequestBuildFactory.swift in Sources */ = {isa = PBXBuildFile; fileRef = 33A5FFE6294E27DF0027ED59 /* RequestBuildFactory.swift */; };
		33A5FFE9294E28240027ED59 /* Helper.swift in Sources */ = {isa = PBXBuildFile; fileRef = 33A5FFE8294E28240027ED59 /* Helper.swift */; };
		33A5FFEC294E2A8E0027ED59 /* URL+QueryParam.swift in Sources */ = {isa = PBXBuildFile; fileRef = 33A5FFEB294E2A8E0027ED59 /* URL+QueryParam.swift */; };
		33A5FFEE294E2D3D0027ED59 /* PokemonListVM.swift in Sources */ = {isa = PBXBuildFile; fileRef = 33A5FFED294E2D3D0027ED59 /* PokemonListVM.swift */; };
		33A5FFF0294E2D470027ED59 /* PokemonDetailVM.swift in Sources */ = {isa = PBXBuildFile; fileRef = 33A5FFEF294E2D470027ED59 /* PokemonDetailVM.swift */; };
		33A5FFF2294E2D670027ED59 /* BaseViewModel.swift in Sources */ = {isa = PBXBuildFile; fileRef = 33A5FFF1294E2D670027ED59 /* BaseViewModel.swift */; };
		33A5FFF4294E2DEE0027ED59 /* PokemonListVC.swift in Sources */ = {isa = PBXBuildFile; fileRef = 33A5FFF3294E2DEE0027ED59 /* PokemonListVC.swift */; };
		33A5FFF7294E30790027ED59 /* PokemonMainCell.swift in Sources */ = {isa = PBXBuildFile; fileRef = 33A5FFF6294E30790027ED59 /* PokemonMainCell.swift */; };
		33A5FFF9294E3AB90027ED59 /* PokemonListViewModelProtocol.swift in Sources */ = {isa = PBXBuildFile; fileRef = 33A5FFF8294E3AB90027ED59 /* PokemonListViewModelProtocol.swift */; };
		33A5FFFB294E3F9F0027ED59 /* UIImageView+Loader.swift in Sources */ = {isa = PBXBuildFile; fileRef = 33A5FFFA294E3F9F0027ED59 /* UIImageView+Loader.swift */; };
		33A5FFFD294E50BF0027ED59 /* PokemonDetailVC.swift in Sources */ = {isa = PBXBuildFile; fileRef = 33A5FFFC294E50BF0027ED59 /* PokemonDetailVC.swift */; };
/* End PBXBuildFile section */

/* Begin PBXFileReference section */
		33A5FFB2294E23CC0027ED59 /* BuddyBank.app */ = {isa = PBXFileReference; explicitFileType = wrapper.application; includeInIndex = 0; path = BuddyBank.app; sourceTree = BUILT_PRODUCTS_DIR; };
		33A5FFB5294E23CC0027ED59 /* AppDelegate.swift */ = {isa = PBXFileReference; lastKnownFileType = sourcecode.swift; path = AppDelegate.swift; sourceTree = "<group>"; };
		33A5FFB9294E23CC0027ED59 /* ViewController.swift */ = {isa = PBXFileReference; lastKnownFileType = sourcecode.swift; path = ViewController.swift; sourceTree = "<group>"; };
		33A5FFBC294E23CC0027ED59 /* Base */ = {isa = PBXFileReference; lastKnownFileType = file.storyboard; name = Base; path = Base.lproj/Main.storyboard; sourceTree = "<group>"; };
		33A5FFBE294E23CD0027ED59 /* Assets.xcassets */ = {isa = PBXFileReference; lastKnownFileType = folder.assetcatalog; path = Assets.xcassets; sourceTree = "<group>"; };
		33A5FFC1294E23CD0027ED59 /* Base */ = {isa = PBXFileReference; lastKnownFileType = file.storyboard; name = Base; path = Base.lproj/LaunchScreen.storyboard; sourceTree = "<group>"; };
		33A5FFC3294E23CD0027ED59 /* Info.plist */ = {isa = PBXFileReference; lastKnownFileType = text.plist.xml; path = Info.plist; sourceTree = "<group>"; };
		33A5FFCC294E242C0027ED59 /* Coordinator.swift */ = {isa = PBXFileReference; lastKnownFileType = sourcecode.swift; path = Coordinator.swift; sourceTree = "<group>"; };
		33A5FFCE294E244C0027ED59 /* AppCoordinator.swift */ = {isa = PBXFileReference; lastKnownFileType = sourcecode.swift; path = AppCoordinator.swift; sourceTree = "<group>"; };
		33A5FFD1294E24FD0027ED59 /* APIServiceRequestProtocol.swift */ = {isa = PBXFileReference; lastKnownFileType = sourcecode.swift; path = APIServiceRequestProtocol.swift; sourceTree = "<group>"; };
		33A5FFD6294E25620027ED59 /* APIServiceRequest.swift */ = {isa = PBXFileReference; lastKnownFileType = sourcecode.swift; path = APIServiceRequest.swift; sourceTree = "<group>"; };
		33A5FFD8294E26610027ED59 /* APIManager.swift */ = {isa = PBXFileReference; lastKnownFileType = sourcecode.swift; path = APIManager.swift; sourceTree = "<group>"; };
		33A5FFDB294E268D0027ED59 /* PokemonApplication.swift */ = {isa = PBXFileReference; lastKnownFileType = sourcecode.swift; path = PokemonApplication.swift; sourceTree = "<group>"; };
		33A5FFDE294E26F10027ED59 /* PokemonAPIProtocol.swift */ = {isa = PBXFileReference; lastKnownFileType = sourcecode.swift; path = PokemonAPIProtocol.swift; sourceTree = "<group>"; };
		33A5FFE0294E270F0027ED59 /* PokemonResponse.swift */ = {isa = PBXFileReference; lastKnownFileType = sourcecode.swift; path = PokemonResponse.swift; sourceTree = "<group>"; };
		33A5FFE2294E273C0027ED59 /* PokemonData.swift */ = {isa = PBXFileReference; lastKnownFileType = sourcecode.swift; path = PokemonData.swift; sourceTree = "<group>"; };
		33A5FFE4294E27CF0027ED59 /* RequestBuilder.swift */ = {isa = PBXFileReference; lastKnownFileType = sourcecode.swift; path = RequestBuilder.swift; sourceTree = "<group>"; };
		33A5FFE6294E27DF0027ED59 /* RequestBuildFactory.swift */ = {isa = PBXFileReference; lastKnownFileType = sourcecode.swift; path = RequestBuildFactory.swift; sourceTree = "<group>"; };
		33A5FFE8294E28240027ED59 /* Helper.swift */ = {isa = PBXFileReference; lastKnownFileType = sourcecode.swift; path = Helper.swift; sourceTree = "<group>"; };
		33A5FFEB294E2A8E0027ED59 /* URL+QueryParam.swift */ = {isa = PBXFileReference; lastKnownFileType = sourcecode.swift; path = "URL+QueryParam.swift"; sourceTree = "<group>"; };
		33A5FFED294E2D3D0027ED59 /* PokemonListVM.swift */ = {isa = PBXFileReference; lastKnownFileType = sourcecode.swift; path = PokemonListVM.swift; sourceTree = "<group>"; };
		33A5FFEF294E2D470027ED59 /* PokemonDetailVM.swift */ = {isa = PBXFileReference; lastKnownFileType = sourcecode.swift; path = PokemonDetailVM.swift; sourceTree = "<group>"; };
		33A5FFF1294E2D670027ED59 /* BaseViewModel.swift */ = {isa = PBXFileReference; lastKnownFileType = sourcecode.swift; path = BaseViewModel.swift; sourceTree = "<group>"; };
		33A5FFF3294E2DEE0027ED59 /* PokemonListVC.swift */ = {isa = PBXFileReference; lastKnownFileType = sourcecode.swift; path = PokemonListVC.swift; sourceTree = "<group>"; };
		33A5FFF6294E30790027ED59 /* PokemonMainCell.swift */ = {isa = PBXFileReference; lastKnownFileType = sourcecode.swift; path = PokemonMainCell.swift; sourceTree = "<group>"; };
		33A5FFF8294E3AB90027ED59 /* PokemonListViewModelProtocol.swift */ = {isa = PBXFileReference; lastKnownFileType = sourcecode.swift; path = PokemonListViewModelProtocol.swift; sourceTree = "<group>"; };
		33A5FFFA294E3F9F0027ED59 /* UIImageView+Loader.swift */ = {isa = PBXFileReference; lastKnownFileType = sourcecode.swift; path = "UIImageView+Loader.swift"; sourceTree = "<group>"; };
		33A5FFFC294E50BF0027ED59 /* PokemonDetailVC.swift */ = {isa = PBXFileReference; lastKnownFileType = sourcecode.swift; path = PokemonDetailVC.swift; sourceTree = "<group>"; };
/* End PBXFileReference section */

/* Begin PBXFrameworksBuildPhase section */
		33A5FFAF294E23CC0027ED59 /* Frameworks */ = {
			isa = PBXFrameworksBuildPhase;
			buildActionMask = 2147483647;
			files = (
			);
			runOnlyForDeploymentPostprocessing = 0;
		};
/* End PBXFrameworksBuildPhase section */

/* Begin PBXGroup section */
		33A5FFA9294E23CC0027ED59 = {
			isa = PBXGroup;
			children = (
				33A5FFB4294E23CC0027ED59 /* BuddyBank */,
				33A5FFB3294E23CC0027ED59 /* Products */,
			);
			sourceTree = "<group>";
		};
		33A5FFB3294E23CC0027ED59 /* Products */ = {
			isa = PBXGroup;
			children = (
				33A5FFB2294E23CC0027ED59 /* BuddyBank.app */,
			);
			name = Products;
			sourceTree = "<group>";
		};
		33A5FFB4294E23CC0027ED59 /* BuddyBank */ = {
			isa = PBXGroup;
			children = (
				33A5FFDA294E267E0027ED59 /* config */,
				33A5FFD3294E25400027ED59 /* managers */,
				33A5FFD0294E24C60027ED59 /* models */,
				33A5FFCB294E241D0027ED59 /* protocols */,
				33A5FFD4294E254A0027ED59 /* utils */,
				33A5FFCA294E24160027ED59 /* viewControllers */,
				33A5FFC9294E24070027ED59 /* viewModels */,
				33A5FFF5294E304D0027ED59 /* views */,
				33A5FFCE294E244C0027ED59 /* AppCoordinator.swift */,
				33A5FFB5294E23CC0027ED59 /* AppDelegate.swift */,
				33A5FFB9294E23CC0027ED59 /* ViewController.swift */,
				33A5FFBB294E23CC0027ED59 /* Main.storyboard */,
				33A5FFBE294E23CD0027ED59 /* Assets.xcassets */,
				33A5FFC0294E23CD0027ED59 /* LaunchScreen.storyboard */,
				33A5FFC3294E23CD0027ED59 /* Info.plist */,
			);
			path = BuddyBank;
			sourceTree = "<group>";
		};
		33A5FFC9294E24070027ED59 /* viewModels */ = {
			isa = PBXGroup;
			children = (
				33A5FFED294E2D3D0027ED59 /* PokemonListVM.swift */,
				33A5FFEF294E2D470027ED59 /* PokemonDetailVM.swift */,
				33A5FFF1294E2D670027ED59 /* BaseViewModel.swift */,
			);
			path = viewModels;
			sourceTree = "<group>";
		};
		33A5FFCA294E24160027ED59 /* viewControllers */ = {
			isa = PBXGroup;
			children = (
				33A5FFF3294E2DEE0027ED59 /* PokemonListVC.swift */,
				33A5FFFC294E50BF0027ED59 /* PokemonDetailVC.swift */,
			);
			path = viewControllers;
			sourceTree = "<group>";
		};
		33A5FFCB294E241D0027ED59 /* protocols */ = {
			isa = PBXGroup;
			children = (
				33A5FFD1294E24FD0027ED59 /* APIServiceRequestProtocol.swift */,
				33A5FFCC294E242C0027ED59 /* Coordinator.swift */,
				33A5FFDE294E26F10027ED59 /* PokemonAPIProtocol.swift */,
				33A5FFE6294E27DF0027ED59 /* RequestBuildFactory.swift */,
				33A5FFF8294E3AB90027ED59 /* PokemonListViewModelProtocol.swift */,
			);
			path = protocols;
			sourceTree = "<group>";
		};
		33A5FFD0294E24C60027ED59 /* models */ = {
			isa = PBXGroup;
			children = (
				33A5FFE2294E273C0027ED59 /* PokemonData.swift */,
				33A5FFE0294E270F0027ED59 /* PokemonResponse.swift */,
			);
			path = models;
			sourceTree = "<group>";
		};
		33A5FFD3294E25400027ED59 /* managers */ = {
			isa = PBXGroup;
			children = (
				33A5FFD8294E26610027ED59 /* APIManager.swift */,
			);
			path = managers;
			sourceTree = "<group>";
		};
		33A5FFD4294E254A0027ED59 /* utils */ = {
			isa = PBXGroup;
			children = (
				33A5FFEA294E2A800027ED59 /* extension */,
				33A5FFD5294E25560027ED59 /* network */,
			);
			path = utils;
			sourceTree = "<group>";
		};
		33A5FFD5294E25560027ED59 /* network */ = {
			isa = PBXGroup;
			children = (
				33A5FFD6294E25620027ED59 /* APIServiceRequest.swift */,
				33A5FFE8294E28240027ED59 /* Helper.swift */,
				33A5FFE4294E27CF0027ED59 /* RequestBuilder.swift */,
			);
			path = network;
			sourceTree = "<group>";
		};
		33A5FFDA294E267E0027ED59 /* config */ = {
			isa = PBXGroup;
			children = (
				33A5FFDB294E268D0027ED59 /* PokemonApplication.swift */,
			);
			path = config;
			sourceTree = "<group>";
		};
		33A5FFEA294E2A800027ED59 /* extension */ = {
			isa = PBXGroup;
			children = (
				33A5FFEB294E2A8E0027ED59 /* URL+QueryParam.swift */,
				33A5FFFA294E3F9F0027ED59 /* UIImageView+Loader.swift */,
			);
			path = extension;
			sourceTree = "<group>";
		};
		33A5FFF5294E304D0027ED59 /* views */ = {
			isa = PBXGroup;
			children = (
				33A5FFF6294E30790027ED59 /* PokemonMainCell.swift */,
			);
			path = views;
			sourceTree = "<group>";
		};
/* End PBXGroup section */

/* Begin PBXNativeTarget section */
		33A5FFB1294E23CC0027ED59 /* BuddyBank */ = {
			isa = PBXNativeTarget;
			buildConfigurationList = 33A5FFC6294E23CD0027ED59 /* Build configuration list for PBXNativeTarget "BuddyBank" */;
			buildPhases = (
				33A5FFAE294E23CC0027ED59 /* Sources */,
				33A5FFAF294E23CC0027ED59 /* Frameworks */,
				33A5FFB0294E23CC0027ED59 /* Resources */,
			);
			buildRules = (
			);
			dependencies = (
			);
			name = BuddyBank;
			productName = BuddyBank;
			productReference = 33A5FFB2294E23CC0027ED59 /* BuddyBank.app */;
			productType = "com.apple.product-type.application";
		};
/* End PBXNativeTarget section */

/* Begin PBXProject section */
		33A5FFAA294E23CC0027ED59 /* Project object */ = {
			isa = PBXProject;
			attributes = {
				BuildIndependentTargetsInParallel = 1;
				LastSwiftUpdateCheck = 1400;
				LastUpgradeCheck = 1400;
				TargetAttributes = {
					33A5FFB1294E23CC0027ED59 = {
						CreatedOnToolsVersion = 14.0.1;
					};
				};
			};
			buildConfigurationList = 33A5FFAD294E23CC0027ED59 /* Build configuration list for PBXProject "BuddyBank" */;
			compatibilityVersion = "Xcode 14.0";
			developmentRegion = en;
			hasScannedForEncodings = 0;
			knownRegions = (
				en,
				Base,
			);
			mainGroup = 33A5FFA9294E23CC0027ED59;
			productRefGroup = 33A5FFB3294E23CC0027ED59 /* Products */;
			projectDirPath = "";
			projectRoot = "";
			targets = (
				33A5FFB1294E23CC0027ED59 /* BuddyBank */,
			);
		};
/* End PBXProject section */

/* Begin PBXResourcesBuildPhase section */
		33A5FFB0294E23CC0027ED59 /* Resources */ = {
			isa = PBXResourcesBuildPhase;
			buildActionMask = 2147483647;
			files = (
				33A5FFC2294E23CD0027ED59 /* LaunchScreen.storyboard in Resources */,
				33A5FFBF294E23CD0027ED59 /* Assets.xcassets in Resources */,
				33A5FFBD294E23CC0027ED59 /* Main.storyboard in Resources */,
			);
			runOnlyForDeploymentPostprocessing = 0;
		};
/* End PBXResourcesBuildPhase section */

/* Begin PBXSourcesBuildPhase section */
		33A5FFAE294E23CC0027ED59 /* Sources */ = {
			isa = PBXSourcesBuildPhase;
			buildActionMask = 2147483647;
			files = (
				33A5FFD9294E26610027ED59 /* APIManager.swift in Sources */,
				33A5FFCD294E242C0027ED59 /* Coordinator.swift in Sources */,
				33A5FFE9294E28240027ED59 /* Helper.swift in Sources */,
				33A5FFBA294E23CC0027ED59 /* ViewController.swift in Sources */,
				33A5FFEC294E2A8E0027ED59 /* URL+QueryParam.swift in Sources */,
				33A5FFFD294E50BF0027ED59 /* PokemonDetailVC.swift in Sources */,
				33A5FFE5294E27CF0027ED59 /* RequestBuilder.swift in Sources */,
				33A5FFE1294E270F0027ED59 /* PokemonResponse.swift in Sources */,
				33A5FFF9294E3AB90027ED59 /* PokemonListViewModelProtocol.swift in Sources */,
				33A5FFF0294E2D470027ED59 /* PokemonDetailVM.swift in Sources */,
				33A5FFD2294E24FD0027ED59 /* APIServiceRequestProtocol.swift in Sources */,
				33A5FFD7294E25620027ED59 /* APIServiceRequest.swift in Sources */,
				33A5FFF7294E30790027ED59 /* PokemonMainCell.swift in Sources */,
				33A5FFCF294E244C0027ED59 /* AppCoordinator.swift in Sources */,
				33A5FFE3294E273C0027ED59 /* PokemonData.swift in Sources */,
				33A5FFDF294E26F10027ED59 /* PokemonAPIProtocol.swift in Sources */,
				33A5FFB6294E23CC0027ED59 /* AppDelegate.swift in Sources */,
				33A5FFF2294E2D670027ED59 /* BaseViewModel.swift in Sources */,
				33A5FFFB294E3F9F0027ED59 /* UIImageView+Loader.swift in Sources */,
				33A5FFEE294E2D3D0027ED59 /* PokemonListVM.swift in Sources */,
				33A5FFF4294E2DEE0027ED59 /* PokemonListVC.swift in Sources */,
				33A5FFDC294E268D0027ED59 /* PokemonApplication.swift in Sources */,
				33A5FFE7294E27DF0027ED59 /* RequestBuildFactory.swift in Sources */,
			);
			runOnlyForDeploymentPostprocessing = 0;
		};
/* End PBXSourcesBuildPhase section */

/* Begin PBXVariantGroup section */
		33A5FFBB294E23CC0027ED59 /* Main.storyboard */ = {
			isa = PBXVariantGroup;
			children = (
				33A5FFBC294E23CC0027ED59 /* Base */,
			);
			name = Main.storyboard;
			sourceTree = "<group>";
		};
		33A5FFC0294E23CD0027ED59 /* LaunchScreen.storyboard */ = {
			isa = PBXVariantGroup;
			children = (
				33A5FFC1294E23CD0027ED59 /* Base */,
			);
			name = LaunchScreen.storyboard;
			sourceTree = "<group>";
		};
/* End PBXVariantGroup section */

/* Begin XCBuildConfiguration section */
		33A5FFC4294E23CD0027ED59 /* Debug */ = {
			isa = XCBuildConfiguration;
			buildSettings = {
				ALWAYS_SEARCH_USER_PATHS = NO;
				CLANG_ANALYZER_NONNULL = YES;
				CLANG_ANALYZER_NUMBER_OBJECT_CONVERSION = YES_AGGRESSIVE;
				CLANG_CXX_LANGUAGE_STANDARD = "gnu++20";
				CLANG_ENABLE_MODULES = YES;
				CLANG_ENABLE_OBJC_ARC = YES;
				CLANG_ENABLE_OBJC_WEAK = YES;
				CLANG_WARN_BLOCK_CAPTURE_AUTORELEASING = YES;
				CLANG_WARN_BOOL_CONVERSION = YES;
				CLANG_WARN_COMMA = YES;
				CLANG_WARN_CONSTANT_CONVERSION = YES;
				CLANG_WARN_DEPRECATED_OBJC_IMPLEMENTATIONS = YES;
				CLANG_WARN_DIRECT_OBJC_ISA_USAGE = YES_ERROR;
				CLANG_WARN_DOCUMENTATION_COMMENTS = YES;
				CLANG_WARN_EMPTY_BODY = YES;
				CLANG_WARN_ENUM_CONVERSION = YES;
				CLANG_WARN_INFINITE_RECURSION = YES;
				CLANG_WARN_INT_CONVERSION = YES;
				CLANG_WARN_NON_LITERAL_NULL_CONVERSION = YES;
				CLANG_WARN_OBJC_IMPLICIT_RETAIN_SELF = YES;
				CLANG_WARN_OBJC_LITERAL_CONVERSION = YES;
				CLANG_WARN_OBJC_ROOT_CLASS = YES_ERROR;
				CLANG_WARN_QUOTED_INCLUDE_IN_FRAMEWORK_HEADER = YES;
				CLANG_WARN_RANGE_LOOP_ANALYSIS = YES;
				CLANG_WARN_STRICT_PROTOTYPES = YES;
				CLANG_WARN_SUSPICIOUS_MOVE = YES;
				CLANG_WARN_UNGUARDED_AVAILABILITY = YES_AGGRESSIVE;
				CLANG_WARN_UNREACHABLE_CODE = YES;
				CLANG_WARN__DUPLICATE_METHOD_MATCH = YES;
				COPY_PHASE_STRIP = NO;
				DEBUG_INFORMATION_FORMAT = dwarf;
				ENABLE_STRICT_OBJC_MSGSEND = YES;
				ENABLE_TESTABILITY = YES;
				GCC_C_LANGUAGE_STANDARD = gnu11;
				GCC_DYNAMIC_NO_PIC = NO;
				GCC_NO_COMMON_BLOCKS = YES;
				GCC_OPTIMIZATION_LEVEL = 0;
				GCC_PREPROCESSOR_DEFINITIONS = (
					"DEBUG=1",
					"$(inherited)",
				);
				GCC_WARN_64_TO_32_BIT_CONVERSION = YES;
				GCC_WARN_ABOUT_RETURN_TYPE = YES_ERROR;
				GCC_WARN_UNDECLARED_SELECTOR = YES;
				GCC_WARN_UNINITIALIZED_AUTOS = YES_AGGRESSIVE;
				GCC_WARN_UNUSED_FUNCTION = YES;
				GCC_WARN_UNUSED_VARIABLE = YES;
				IPHONEOS_DEPLOYMENT_TARGET = 16.0;
				MTL_ENABLE_DEBUG_INFO = INCLUDE_SOURCE;
				MTL_FAST_MATH = YES;
				ONLY_ACTIVE_ARCH = YES;
				SDKROOT = iphoneos;
				SWIFT_ACTIVE_COMPILATION_CONDITIONS = DEBUG;
				SWIFT_OPTIMIZATION_LEVEL = "-Onone";
			};
			name = Debug;
		};
		33A5FFC5294E23CD0027ED59 /* Release */ = {
			isa = XCBuildConfiguration;
			buildSettings = {
				ALWAYS_SEARCH_USER_PATHS = NO;
				CLANG_ANALYZER_NONNULL = YES;
				CLANG_ANALYZER_NUMBER_OBJECT_CONVERSION = YES_AGGRESSIVE;
				CLANG_CXX_LANGUAGE_STANDARD = "gnu++20";
				CLANG_ENABLE_MODULES = YES;
				CLANG_ENABLE_OBJC_ARC = YES;
				CLANG_ENABLE_OBJC_WEAK = YES;
				CLANG_WARN_BLOCK_CAPTURE_AUTORELEASING = YES;
				CLANG_WARN_BOOL_CONVERSION = YES;
				CLANG_WARN_COMMA = YES;
				CLANG_WARN_CONSTANT_CONVERSION = YES;
				CLANG_WARN_DEPRECATED_OBJC_IMPLEMENTATIONS = YES;
				CLANG_WARN_DIRECT_OBJC_ISA_USAGE = YES_ERROR;
				CLANG_WARN_DOCUMENTATION_COMMENTS = YES;
				CLANG_WARN_EMPTY_BODY = YES;
				CLANG_WARN_ENUM_CONVERSION = YES;
				CLANG_WARN_INFINITE_RECURSION = YES;
				CLANG_WARN_INT_CONVERSION = YES;
				CLANG_WARN_NON_LITERAL_NULL_CONVERSION = YES;
				CLANG_WARN_OBJC_IMPLICIT_RETAIN_SELF = YES;
				CLANG_WARN_OBJC_LITERAL_CONVERSION = YES;
				CLANG_WARN_OBJC_ROOT_CLASS = YES_ERROR;
				CLANG_WARN_QUOTED_INCLUDE_IN_FRAMEWORK_HEADER = YES;
				CLANG_WARN_RANGE_LOOP_ANALYSIS = YES;
				CLANG_WARN_STRICT_PROTOTYPES = YES;
				CLANG_WARN_SUSPICIOUS_MOVE = YES;
				CLANG_WARN_UNGUARDED_AVAILABILITY = YES_AGGRESSIVE;
				CLANG_WARN_UNREACHABLE_CODE = YES;
				CLANG_WARN__DUPLICATE_METHOD_MATCH = YES;
				COPY_PHASE_STRIP = NO;
				DEBUG_INFORMATION_FORMAT = "dwarf-with-dsym";
				ENABLE_NS_ASSERTIONS = NO;
				ENABLE_STRICT_OBJC_MSGSEND = YES;
				GCC_C_LANGUAGE_STANDARD = gnu11;
				GCC_NO_COMMON_BLOCKS = YES;
				GCC_WARN_64_TO_32_BIT_CONVERSION = YES;
				GCC_WARN_ABOUT_RETURN_TYPE = YES_ERROR;
				GCC_WARN_UNDECLARED_SELECTOR = YES;
				GCC_WARN_UNINITIALIZED_AUTOS = YES_AGGRESSIVE;
				GCC_WARN_UNUSED_FUNCTION = YES;
				GCC_WARN_UNUSED_VARIABLE = YES;
				IPHONEOS_DEPLOYMENT_TARGET = 16.0;
				MTL_ENABLE_DEBUG_INFO = NO;
				MTL_FAST_MATH = YES;
				SDKROOT = iphoneos;
				SWIFT_COMPILATION_MODE = wholemodule;
				SWIFT_OPTIMIZATION_LEVEL = "-O";
				VALIDATE_PRODUCT = YES;
			};
			name = Release;
		};
		33A5FFC7294E23CD0027ED59 /* Debug */ = {
			isa = XCBuildConfiguration;
			buildSettings = {
				ASSETCATALOG_COMPILER_APPICON_NAME = AppIcon;
				ASSETCATALOG_COMPILER_GLOBAL_ACCENT_COLOR_NAME = AccentColor;
				CODE_SIGN_STYLE = Automatic;
				CURRENT_PROJECT_VERSION = 1;
				DEVELOPMENT_TEAM = DG244SPW92;
				GENERATE_INFOPLIST_FILE = YES;
				INFOPLIST_FILE = BuddyBank/Info.plist;
				INFOPLIST_KEY_UIApplicationSupportsIndirectInputEvents = YES;
				INFOPLIST_KEY_UILaunchStoryboardName = LaunchScreen;
				INFOPLIST_KEY_UIMainStoryboardFile = Main;
				INFOPLIST_KEY_UISupportedInterfaceOrientations = UIInterfaceOrientationPortrait;
				INFOPLIST_KEY_UISupportedInterfaceOrientations_iPad = "UIInterfaceOrientationLandscapeLeft UIInterfaceOrientationLandscapeRight UIInterfaceOrientationPortrait UIInterfaceOrientationPortraitUpsideDown";
				IPHONEOS_DEPLOYMENT_TARGET = 13.0;
				LD_RUNPATH_SEARCH_PATHS = (
					"$(inherited)",
					"@executable_path/Frameworks",
				);
				MARKETING_VERSION = 1.0;
				PRODUCT_BUNDLE_IDENTIFIER = it.dimella.BuddyBank;
				PRODUCT_NAME = "$(TARGET_NAME)";
				SWIFT_EMIT_LOC_STRINGS = YES;
				SWIFT_VERSION = 5.0;
				TARGETED_DEVICE_FAMILY = "1,2";
			};
			name = Debug;
		};
		33A5FFC8294E23CD0027ED59 /* Release */ = {
			isa = XCBuildConfiguration;
			buildSettings = {
				ASSETCATALOG_COMPILER_APPICON_NAME = AppIcon;
				ASSETCATALOG_COMPILER_GLOBAL_ACCENT_COLOR_NAME = AccentColor;
				CODE_SIGN_STYLE = Automatic;
				CURRENT_PROJECT_VERSION = 1;
				DEVELOPMENT_TEAM = DG244SPW92;
				GENERATE_INFOPLIST_FILE = YES;
				INFOPLIST_FILE = BuddyBank/Info.plist;
				INFOPLIST_KEY_UIApplicationSupportsIndirectInputEvents = YES;
				INFOPLIST_KEY_UILaunchStoryboardName = LaunchScreen;
				INFOPLIST_KEY_UIMainStoryboardFile = Main;
				INFOPLIST_KEY_UISupportedInterfaceOrientations = UIInterfaceOrientationPortrait;
				INFOPLIST_KEY_UISupportedInterfaceOrientations_iPad = "UIInterfaceOrientationLandscapeLeft UIInterfaceOrientationLandscapeRight UIInterfaceOrientationPortrait UIInterfaceOrientationPortraitUpsideDown";
				IPHONEOS_DEPLOYMENT_TARGET = 13.0;
				LD_RUNPATH_SEARCH_PATHS = (
					"$(inherited)",
					"@executable_path/Frameworks",
				);
				MARKETING_VERSION = 1.0;
				PRODUCT_BUNDLE_IDENTIFIER = it.dimella.BuddyBank;
				PRODUCT_NAME = "$(TARGET_NAME)";
				SWIFT_EMIT_LOC_STRINGS = YES;
				SWIFT_VERSION = 5.0;
				TARGETED_DEVICE_FAMILY = "1,2";
			};
			name = Release;
		};
/* End XCBuildConfiguration section */

/* Begin XCConfigurationList section */
		33A5FFAD294E23CC0027ED59 /* Build configuration list for PBXProject "BuddyBank" */ = {
			isa = XCConfigurationList;
			buildConfigurations = (
				33A5FFC4294E23CD0027ED59 /* Debug */,
				33A5FFC5294E23CD0027ED59 /* Release */,
			);
			defaultConfigurationIsVisible = 0;
			defaultConfigurationName = Release;
		};
		33A5FFC6294E23CD0027ED59 /* Build configuration list for PBXNativeTarget "BuddyBank" */ = {
			isa = XCConfigurationList;
			buildConfigurations = (
				33A5FFC7294E23CD0027ED59 /* Debug */,
				33A5FFC8294E23CD0027ED59 /* Release */,
			);
			defaultConfigurationIsVisible = 0;
			defaultConfigurationName = Release;
		};
/* End XCConfigurationList section */
	};
	rootObject = 33A5FFAA294E23CC0027ED59 /* Project object */;
}
